
Microsoft Visual Studio Solution File, Format Version 12.00
# Visual Studio Version 16
VisualStudioVersion = 16.0.32126.315
MinimumVisualStudioVersion = 10.0.40219.1
Project("{FAE04EC0-301F-11D3-BF4B-00C04F79EFBC}") = "Exception_Handling", "Exception_Handling\Exception_Handling.csproj", "{6276B970-F3F8-4455-BA92-E23B1D64253D}"
EndProject
Global
	GlobalSection(SolutionConfigurationPlatforms) = preSolution
		Debug|Any CPU = Debug|Any CPU
		Release|Any CPU = Release|Any CPU
	EndGlobalSection
	GlobalSection(ProjectConfigurationPlatforms) = postSolution
		{6276B970-F3F8-4455-BA92-E23B1D64253D}.Debug|Any CPU.ActiveCfg = Debug|Any CPU
		{6276B970-F3F8-4455-BA92-E23B1D64253D}.Debug|Any CPU.Build.0 = Debug|Any CPU
		{6276B970-F3F8-4455-BA92-E23B1D64253D}.Release|Any CPU.ActiveCfg = Release|Any CPU
		{6276B970-F3F8-4455-BA92-E23B1D64253D}.Release|Any CPU.Build.0 = Release|Any CPU
	EndGlobalSection
	GlobalSection(SolutionProperties) = preSolution
		HideSolutionNode = FALSE
	EndGlobalSection
	GlobalSection(ExtensibilityGlobals) = postSolution
		SolutionGuid = {9DFDB79A-976D-4016-84E7-E0F499627B3D}
	EndGlobalSection
EndGlobal
