
Microsoft Visual Studio Solution File, Format Version 12.00
# Visual Studio Version 17
VisualStudioVersion = 17.1.32414.318
MinimumVisualStudioVersion = 10.0.40219.1
Project("{FAE04EC0-301F-11D3-BF4B-00C04F79EFBC}") = "Catalog.API", "Catalog.API\Catalog.API.csproj", "{BF2959F2-E465-4F51-8E69-90AC9B99B416}"
EndProject
Project("{FAE04EC0-301F-11D3-BF4B-00C04F79EFBC}") = "Catalog.Entities", "Catalog.Entities\Catalog.Entities.csproj", "{9A1CBA06-2870-4E80-BC38-E187E07C51F9}"
EndProject
Global
	GlobalSection(SolutionConfigurationPlatforms) = preSolution
		Debug|Any CPU = Debug|Any CPU
		Release|Any CPU = Release|Any CPU
	EndGlobalSection
	GlobalSection(ProjectConfigurationPlatforms) = postSolution
		{BF2959F2-E465-4F51-8E69-90AC9B99B416}.Debug|Any CPU.ActiveCfg = Debug|Any CPU
		{BF2959F2-E465-4F51-8E69-90AC9B99B416}.Debug|Any CPU.Build.0 = Debug|Any CPU
		{BF2959F2-E465-4F51-8E69-90AC9B99B416}.Release|Any CPU.ActiveCfg = Release|Any CPU
		{BF2959F2-E465-4F51-8E69-90AC9B99B416}.Release|Any CPU.Build.0 = Release|Any CPU
		{9A1CBA06-2870-4E80-BC38-E187E07C51F9}.Debug|Any CPU.ActiveCfg = Debug|Any CPU
		{9A1CBA06-2870-4E80-BC38-E187E07C51F9}.Debug|Any CPU.Build.0 = Debug|Any CPU
		{9A1CBA06-2870-4E80-BC38-E187E07C51F9}.Release|Any CPU.ActiveCfg = Release|Any CPU
		{9A1CBA06-2870-4E80-BC38-E187E07C51F9}.Release|Any CPU.Build.0 = Release|Any CPU
	EndGlobalSection
	GlobalSection(SolutionProperties) = preSolution
		HideSolutionNode = FALSE
	EndGlobalSection
	GlobalSection(ExtensibilityGlobals) = postSolution
		SolutionGuid = {686A5319-A682-4824-A77D-24ACA2324378}
	EndGlobalSection
EndGlobal
